
Microsoft Visual Studio Solution File, Format Version 12.00
# Visual Studio Version 16
VisualStudioVersion = 16.0.31729.503
MinimumVisualStudioVersion = 10.0.40219.1
Project("{FAE04EC0-301F-11D3-BF4B-00C04F79EFBC}") = "ChatClient", "ChatClient.csproj", "{53B69E2F-852A-4F18-B13C-C0BA3CCC94FD}"
EndProject
Global
	GlobalSection(SolutionConfigurationPlatforms) = preSolution
		Debug|Any CPU = Debug|Any CPU
		Release|Any CPU = Release|Any CPU
	EndGlobalSection
	GlobalSection(ProjectConfigurationPlatforms) = postSolution
		{53B69E2F-852A-4F18-B13C-C0BA3CCC94FD}.Debug|Any CPU.ActiveCfg = Debug|Any CPU
		{53B69E2F-852A-4F18-B13C-C0BA3CCC94FD}.Debug|Any CPU.Build.0 = Debug|Any CPU
		{53B69E2F-852A-4F18-B13C-C0BA3CCC94FD}.Release|Any CPU.ActiveCfg = Release|Any CPU
		{53B69E2F-852A-4F18-B13C-C0BA3CCC94FD}.Release|Any CPU.Build.0 = Release|Any CPU
	EndGlobalSection
	GlobalSection(SolutionProperties) = preSolution
		HideSolutionNode = FALSE
	EndGlobalSection
	GlobalSection(ExtensibilityGlobals) = postSolution
		SolutionGuid = {FFDE42BD-1951-40B4-B70F-02508D0A34C3}
	EndGlobalSection
EndGlobal
